{
  "projects": [
    {
      "projectId": "caTPwKxj5ZrD9LQ7DMdK4Z",
      "version": "2.2.1",
      "dependencies": {},
      "lang": "js",
      "fileLocks": [
        {
          "type": "globalVariant",
          "assetId": "q2e6W8ulGYz",
          "checksum": "c0cddb7dd09c65236628d522d52af1a3"
        },
        {
          "assetId": "caTPwKxj5ZrD9LQ7DMdK4Z",
          "type": "projectCss",
          "checksum": "01ebcf70a051dcbfad8268ecd0dac58a"
        }
      ],
      "codegenVersion": "0.0.1"
    },
    {
      "projectId": "8PtdGodUbexNYgkuyBUcWu",
      "version": "3.0.3",
      "dependencies": {},
      "lang": "js",
      "fileLocks": [
        {
          "assetId": "8PtdGodUbexNYgkuyBUcWu",
          "type": "projectCss",
          "checksum": "5aa7896743c83d312cb254aa4f507a7b"
        },
        {
          "assetId": "8PtdGodUbexNYgkuyBUcWu",
          "checksum": "fa41d3feed8603b4046fe8873f43b009",
          "type": "globalContexts"
        }
      ],
      "codegenVersion": "0.0.1"
    },
    {
      "projectId": "szjgMQpPpxhmkjnaBvZQJG",
      "version": "1.0.4",
      "dependencies": {},
      "lang": "js",
      "fileLocks": [
        {
          "type": "globalVariant",
          "assetId": "ckLLdnw4lO",
          "checksum": "cc55311cbf027bd3c58f035249c4481a"
        },
        {
          "assetId": "szjgMQpPpxhmkjnaBvZQJG",
          "type": "projectCss",
          "checksum": "333ea50d389ae8cdc5cce45cdbdb5b31"
        }
      ],
      "codegenVersion": "0.0.1"
    },
    {
      "projectId": "28Ba3BDvRe7EiWdfFNnLB6",
      "version": "2.0.1",
      "dependencies": {},
      "lang": "js",
      "fileLocks": [
        {
          "assetId": "28Ba3BDvRe7EiWdfFNnLB6",
          "type": "projectCss",
          "checksum": "06dab28be1d7e0fe1dcd6bae7d78adeb"
        }
      ],
      "codegenVersion": "0.0.1"
    },
    {
      "projectId": "ud9JpUD8N987dWHx7H9cnr",
      "version": "latest",
      "dependencies": {
        "28Ba3BDvRe7EiWdfFNnLB6": "2.0.1",
        "szjgMQpPpxhmkjnaBvZQJG": "1.0.4",
        "8PtdGodUbexNYgkuyBUcWu": "3.0.3",
        "caTPwKxj5ZrD9LQ7DMdK4Z": "2.2.1"
      },
      "lang": "js",
      "fileLocks": [
        {
          "type": "globalVariant",
          "assetId": "i8XEoDVLpFaqh",
          "checksum": "ec65c9d1e1b6cdc379571d3aebe6b2bd"
        },
        {
          "assetId": "ud9JpUD8N987dWHx7H9cnr",
          "type": "projectCss",
          "checksum": "ae1cdade37db51f8ccdd7a9aad53c084"
        },
        {
          "assetId": "ud9JpUD8N987dWHx7H9cnr",
          "checksum": "d0ac50dde278a606a3db536205affc15",
          "type": "globalContexts"
        },
        {
          "type": "renderModule",
          "assetId": "5zWDW2y05Q",
          "checksum": "5017c51434646eb9151875cd56f2b367"
        },
        {
          "type": "cssRules",
          "assetId": "5zWDW2y05Q",
          "checksum": "5017c51434646eb9151875cd56f2b367"
        },
        {
          "type": "renderModule",
          "assetId": "yJlgIVbQgj",
          "checksum": "60ca5f8147566a3a918e215631f8132f"
        },
        {
          "type": "cssRules",
          "assetId": "yJlgIVbQgj",
          "checksum": "60ca5f8147566a3a918e215631f8132f"
        },
        {
          "type": "renderModule",
          "assetId": "zWiclsueNN",
          "checksum": "d90aeee54e09e1b5473be89be9387bf5"
        },
        {
          "type": "cssRules",
          "assetId": "zWiclsueNN",
          "checksum": "d90aeee54e09e1b5473be89be9387bf5"
        },
        {
          "type": "renderModule",
          "assetId": "61sOklHVYWP",
          "checksum": "c3a0787f6fbe4b06172c16830f1e4764"
        },
        {
          "type": "cssRules",
          "assetId": "61sOklHVYWP",
          "checksum": "c3a0787f6fbe4b06172c16830f1e4764"
        },
        {
          "type": "renderModule",
          "assetId": "8tGQscQ3JT",
          "checksum": "36839df05ffd1d06ab8c5a5321413442"
        },
        {
          "type": "cssRules",
          "assetId": "8tGQscQ3JT",
          "checksum": "36839df05ffd1d06ab8c5a5321413442"
        },
        {
          "type": "renderModule",
          "assetId": "CjanQ98557",
          "checksum": "c4039f197b7d29bffb16a38aba816e0f"
        },
        {
          "type": "cssRules",
          "assetId": "CjanQ98557",
          "checksum": "c4039f197b7d29bffb16a38aba816e0f"
        },
        {
          "type": "renderModule",
          "assetId": "kngkp2xcPF",
          "checksum": "d01c884970625421fd42af8f6bfdc8be"
        },
        {
          "type": "cssRules",
          "assetId": "kngkp2xcPF",
          "checksum": "d01c884970625421fd42af8f6bfdc8be"
        },
        {
          "type": "renderModule",
          "assetId": "2nav5dc2AV",
          "checksum": "732a8a6352336363e7c708b3a75e8639"
        },
        {
          "type": "cssRules",
          "assetId": "2nav5dc2AV",
          "checksum": "732a8a6352336363e7c708b3a75e8639"
        },
        {
          "type": "renderModule",
          "assetId": "-yYhpojB9R",
          "checksum": "47a0a7ba2414b749677e5f92a7ae24ac"
        },
        {
          "type": "cssRules",
          "assetId": "-yYhpojB9R",
          "checksum": "47a0a7ba2414b749677e5f92a7ae24ac"
        },
        {
          "type": "renderModule",
          "assetId": "lREuFFfurx",
          "checksum": "ef46619b4044bcac07690c40eff542c4"
        },
        {
          "type": "cssRules",
          "assetId": "lREuFFfurx",
          "checksum": "ef46619b4044bcac07690c40eff542c4"
        },
        {
          "type": "renderModule",
          "assetId": "QvnJ1wWMq8",
          "checksum": "2c070965bf6bbaf6b596d7b363b62b17"
        },
        {
          "type": "cssRules",
          "assetId": "QvnJ1wWMq8",
          "checksum": "2c070965bf6bbaf6b596d7b363b62b17"
        },
        {
          "type": "icon",
          "assetId": "k5DPvyDkmAtYF",
          "checksum": "c3d45c9a8dbfe8f7b6b5b505a0c02933"
        },
        {
          "type": "icon",
          "assetId": "YwWAOxdltQeOu",
          "checksum": "f52439b6793f0250d13524197f680eb3"
        },
        {
          "type": "icon",
          "assetId": "kYKgJlesTgXI0",
          "checksum": "10212fb66a571346fb28541dac21703d"
        },
        {
          "type": "icon",
          "assetId": "gugdasROMAd4G",
          "checksum": "d823fd5a2292fabf8bdc991eab4e85d3"
        },
        {
          "type": "icon",
          "assetId": "1-OTZfc-jH",
          "checksum": "6f2b1cc9b1ae361c9fb74a18cd46f3e3"
        },
        {
          "type": "icon",
          "assetId": "i-xv_NC6jL",
          "checksum": "91b47c0e2b2ee04e021f580685e62b4d"
        },
        {
          "type": "icon",
          "assetId": "7jVe0dBqcx",
          "checksum": "3340084f2fa531a335a79c0fa23f6baf"
        },
        {
          "type": "icon",
          "assetId": "HfWxZtpPAA",
          "checksum": "fe0941dd94898f468658ffeb4a2d3060"
        },
        {
          "type": "icon",
          "assetId": "Qj3H75ZJcyF",
          "checksum": "203bdb3e6a90f0274d98837d5cdcef6e"
        },
        {
          "type": "icon",
          "assetId": "XPm64qOhERK",
          "checksum": "5d77b99dbfaa45b71c4ef42846ce5e70"
        },
        {
          "type": "icon",
          "assetId": "qEXmL2wmwBK",
          "checksum": "39ec3af047edde914d284b29cb4c99ea"
        },
        {
          "type": "icon",
          "assetId": "Q4LD_XbjCQM",
          "checksum": "f308236184bb8972553597071bdf2e32"
        },
        {
          "type": "icon",
          "assetId": "4OBFLcVDlG8",
          "checksum": "68eb64748fc712679684b7f04ac83ca8"
        },
        {
          "type": "icon",
          "assetId": "WHC1FxDnqW3",
          "checksum": "51bde348cc3dbabb0907e1b91e56a79a"
        },
        {
          "type": "icon",
          "assetId": "-qOdMYwO8n",
          "checksum": "b5a6a1ed377b32b5e9309034a10a2ef9"
        },
        {
          "type": "icon",
          "assetId": "e--KVwQYNG",
          "checksum": "82bb29c5ee113234af9a066e061e3642"
        },
        {
          "type": "icon",
          "assetId": "HTI9WiZf3qH",
          "checksum": "1a883763eae54b8fdc1c4331e9288a38"
        },
        {
          "type": "icon",
          "assetId": "TJ0okc1-M8F",
          "checksum": "6f8d21ca7bb2f02d3a8d6f98325bfea4"
        },
        {
          "type": "icon",
          "assetId": "BjmkJmfNtOa",
          "checksum": "8d1d4c55c721b83a5d82ec426cae4994"
        },
        {
          "type": "icon",
          "assetId": "QtsIEvATh",
          "checksum": "8c3e5acc248746275ea2deed744075af"
        },
        {
          "type": "image",
          "assetId": "DhL2YR-A-pUrY",
          "checksum": "bcd2f8792bcfe9558d83ec223b52f8e2"
        },
        {
          "type": "image",
          "assetId": "-m8AMKfgufOEQ",
          "checksum": "ff958ee45510e5eca36c41e43472639f"
        },
        {
          "type": "image",
          "assetId": "qj64fx3yDGtd7",
          "checksum": "edaf5eb2913ca38d5abfe00fc6e760ab"
        },
        {
          "type": "image",
          "assetId": "VqNEeuV0ukKcP",
          "checksum": "3c4a79a4ed4dea5bbf8bbe41845565f2"
        },
        {
          "type": "image",
          "assetId": "_TcZwhxbeMnMQ",
          "checksum": "f3af4d2d6287a35efe3c23d626e7f7cb"
        },
        {
          "type": "image",
          "assetId": "jEEbn9lxYu4kQ",
          "checksum": "d20ca317815d74f0aa5dc6570e266b86"
        },
        {
          "type": "image",
          "assetId": "cjv8te5DqOGiT",
          "checksum": "745a2d016223c08169e8e3608fb0efbe"
        },
        {
          "type": "image",
          "assetId": "NKJrh8VA8_blu",
          "checksum": "3018d45d37afcecaf779951b0c1a547d"
        },
        {
          "type": "image",
          "assetId": "O8XYm_PPe9Jmd",
          "checksum": "20d603b43ed7a13e2d214c260ea042bf"
        },
        {
          "type": "image",
          "assetId": "Xv93Id0Ta21Ae",
          "checksum": "025948a619786b669eef848db8bb8855"
        },
        {
          "type": "image",
          "assetId": "iyQmmz3CdiF1-",
          "checksum": "5dd703c40af3646c94905e0f2d7aa5ba"
        },
        {
          "type": "image",
          "assetId": "PYz_RZn8jOWEJ",
          "checksum": "dd4c45f0c9da4bf22dcee40f0a138efc"
        },
        {
          "type": "image",
          "assetId": "yEF7QczTv2EAm",
          "checksum": "76d2e16a60f357dd06cc698fee59f64b"
        },
        {
          "type": "image",
          "assetId": "HBRXmn5Ak3KDH",
          "checksum": "dccc6dd0c73517fe255dc4226c98b2d2"
        },
        {
          "type": "image",
          "assetId": "hz_-ENRQchuuR",
          "checksum": "00a27b6afcdac4586372dfc68bc970b7"
        },
        {
          "type": "image",
          "assetId": "DBhvNQfLgmS5U",
          "checksum": "59d68bdf55c419323d763619c7eb86d5"
        },
        {
          "type": "image",
          "assetId": "o55o-RGzPJWDf",
          "checksum": "9b4df8a11875e0e58920969c8dae0a9a"
        },
        {
          "type": "image",
          "assetId": "KWdBFAMvu3gtC",
          "checksum": "f6e92c9bb410eb906d23259701927b40"
        },
        {
          "type": "image",
          "assetId": "dPx5d2n3nBxB_",
          "checksum": "4ad63ad8a37bce8959d75aa9390b09d9"
        },
        {
          "type": "image",
          "assetId": "FydYriWp-4j_K",
          "checksum": "024cedc4603f01f3f9ad0a8a5d0c0206"
        },
        {
          "type": "image",
          "assetId": "C3YfKjzMg6sGD",
          "checksum": "7db40ff36c0c01ec58e7774fe99e3375"
        },
        {
          "type": "image",
          "assetId": "7quDAWHjN6kaE",
          "checksum": "13138ed6b006d77dd0d713d624739c1a"
        },
        {
          "type": "image",
          "assetId": "zhyKrSUIL7doR",
          "checksum": "154b51430a25c9a3d429540fd2d6db64"
        },
        {
          "type": "image",
          "assetId": "q0KoVdcih1abe",
          "checksum": "416fdf6f8ed934bd6e95c22bf290577c"
        },
        {
          "type": "image",
          "assetId": "ldMGs1abkuMp9",
          "checksum": "c32bf8d29db8c11d750aa1a6ce789750"
        },
        {
          "type": "image",
          "assetId": "5o5OrY82yWFiF",
          "checksum": "e845b4ac464457259542a091cdc43e67"
        },
        {
          "type": "image",
          "assetId": "1MoaAC6xo74GH",
          "checksum": "1f391bbab05dc020939b98bc9b960d58"
        },
        {
          "type": "image",
          "assetId": "Fw9JbKPiQFeFU",
          "checksum": "591b593dfcfc83758b5816cdfcb4dadd"
        },
        {
          "type": "image",
          "assetId": "UWrImBw29Iyv1",
          "checksum": "afbf040a53ecea1694d005696d8e08c5"
        },
        {
          "type": "image",
          "assetId": "xtiwZbeUnBR6_",
          "checksum": "525faeccb6e972bc47742383b9994c3a"
        },
        {
          "type": "image",
          "assetId": "x5nHup0ik",
          "checksum": "69a4b5294de91f4f67cbb545dc607777"
        },
        {
          "type": "image",
          "assetId": "ViBuAxvh0",
          "checksum": "5946a6b2b2a327f094433f7c85496088"
        },
        {
          "type": "image",
          "assetId": "YIqFmCmOO",
          "checksum": "092f7249c6cfcee489aaafcef141aa08"
        },
        {
          "type": "image",
          "assetId": "KYByYJB5S",
          "checksum": "cba247561f8ae4f9026593ebf772f73f"
        },
        {
          "type": "image",
          "assetId": "d7vqw-jT6",
          "checksum": "3379e423bca2aac8cdf938474d482f54"
        },
        {
          "type": "image",
          "assetId": "jQrv8387G",
          "checksum": "73210ae936b8f83fa02c8a1bfe858dac"
        },
        {
          "type": "image",
          "assetId": "3IzQhMxW6",
          "checksum": "7101d9d8f8a82c6fe9f557a3b9f230d1"
        },
        {
          "type": "image",
          "assetId": "yhY5xCFKQ",
          "checksum": "673fee1e80a053f27073a2db6913dfb4"
        },
        {
          "type": "image",
          "assetId": "vHyMvlvfE",
          "checksum": "0e4c8df166413dfb8462a9238b95c49b"
        },
        {
          "type": "image",
          "assetId": "GjQ95rDzh",
          "checksum": "4b7ee892289e72fa840138a304d6adc8"
        },
        {
          "type": "image",
          "assetId": "jwEA-AB67",
          "checksum": "7a792ff09a153906aa04a21f8ca2d2bc"
        },
        {
          "type": "image",
          "assetId": "jyqnX0cNG",
          "checksum": "acc198ad1bdaa0cbc26dce5d5272cd49"
        },
        {
          "type": "image",
          "assetId": "0nO7zW9UI",
          "checksum": "c20c0c400551fd067c3e64b05d0eaddc"
        },
        {
          "type": "image",
          "assetId": "gk607CQrO_z",
          "checksum": "9b318aa6f1a25b45cbbae211cd1e9e58"
        },
        {
          "type": "image",
          "assetId": "oJXLMrXF6",
          "checksum": "1992ebc4ec6a929ae1f820f2faa23bd6"
        },
        {
          "type": "image",
          "assetId": "0JGN3Q7oz",
          "checksum": "d038cc41f4203c62470d8de11f23daa1"
        },
        {
          "type": "image",
          "assetId": "A4hmsc0Jh",
          "checksum": "b202c9c1672b4d13f1b08ff3dcc97944"
        },
        {
          "type": "image",
          "assetId": "dRbcnWhOR",
          "checksum": "ad6c87ff3744de2562bf71c6db14c226"
        },
        {
          "type": "image",
          "assetId": "7Woj6n6vz",
          "checksum": "d289aa117df3e8deef89ce0541f903ce"
        },
        {
          "type": "image",
          "assetId": "mmwKZwW2W",
          "checksum": "f4bb2605376a746fcaa713145d585d63"
        },
        {
          "type": "image",
          "assetId": "P7gmkK_2p",
          "checksum": "df21bb6a18d09fced2e372142e6a2cd1"
        },
        {
          "type": "image",
          "assetId": "IE_79Mvvw",
          "checksum": "725dea8d504e7c0c534e3e11771a960a"
        },
        {
          "type": "image",
          "assetId": "Bl_a7vzAH",
          "checksum": "29b39e1ff1c08b049cbba4ae66459090"
        },
        {
          "type": "image",
          "assetId": "67PPw0MHA",
          "checksum": "682ce7e880bb58046408e6110272026d"
        },
        {
          "type": "image",
          "assetId": "f8HZxNS4H",
          "checksum": "0b22bf53639b4668064694c4f95ba107"
        },
        {
          "type": "image",
          "assetId": "dbTCb91I9",
          "checksum": "4a84bcbd82dc899b1650abebe0d24c4e"
        },
        {
          "type": "image",
          "assetId": "zoAMSFCPA",
          "checksum": "19bf2fa54b8a2b3123fbc9a9d1531db4"
        },
        {
          "type": "image",
          "assetId": "4oLwSGFzi",
          "checksum": "fe54ac39a0f339ccaace0a229ca87bfb"
        },
        {
          "type": "image",
          "assetId": "6V7QyYeO3",
          "checksum": "0fed8b198ef2dec3f189ed036252f118"
        },
        {
          "type": "image",
          "assetId": "P9E-mS95U",
          "checksum": "245f89cac3a45dce4979ce3850b81fa8"
        },
        {
          "type": "image",
          "assetId": "cqrfwe0MT",
          "checksum": "19d27321b4e6f0135215379a329a146a"
        },
        {
          "type": "image",
          "assetId": "oXv3F8pR-",
          "checksum": "502db07af21e0d75bad8fa3e2cd2c4c6"
        },
        {
          "type": "image",
          "assetId": "mBxCzmRTt",
          "checksum": "132d0410be1c63a1ef00c6b4f1c62c3f"
        },
        {
          "type": "image",
          "assetId": "KNgw1-XoZ",
          "checksum": "c4672277719f7244df3bbf2d3236a046"
        },
        {
          "type": "image",
          "assetId": "aSIKuWOkZ",
          "checksum": "11b34ec3ebe04ede5995d1aaf5da64f4"
        },
        {
          "type": "image",
          "assetId": "4LNxd3xfA",
          "checksum": "6cfaf5980fd0be214d27cd50e6089adc"
        },
        {
          "type": "image",
          "assetId": "5a0jwKIsq",
          "checksum": "d7dbce1e4b29406387763b92a3e68e8d"
        }
      ],
      "codegenVersion": "0.0.1"
    }
  ],
  "cliVersion": "0.1.178"
}
